
Microsoft Visual Studio Solution File, Format Version 12.00
# Visual Studio 2013
VisualStudioVersion = 12.0.40629.0
MinimumVisualStudioVersion = 10.0.40219.1
Project("{FAE04EC0-301F-11D3-BF4B-00C04F79EFBC}") = "Domain", "Domain\Domain.csproj", "{B6AAFB6B-036E-4DC6-9889-7A537DF26DAA}"
EndProject
Project("{FAE04EC0-301F-11D3-BF4B-00C04F79EFBC}") = "WebLibrary", "WebLibrary\WebLibrary.csproj", "{6417144F-134F-4B77-913D-90E2B736494C}"
EndProject
Global
	GlobalSection(SolutionConfigurationPlatforms) = preSolution
		Debug|Any CPU = Debug|Any CPU
		Release|Any CPU = Release|Any CPU
	EndGlobalSection
	GlobalSection(ProjectConfigurationPlatforms) = postSolution
		{B6AAFB6B-036E-4DC6-9889-7A537DF26DAA}.Debug|Any CPU.ActiveCfg = Debug|Any CPU
		{B6AAFB6B-036E-4DC6-9889-7A537DF26DAA}.Debug|Any CPU.Build.0 = Debug|Any CPU
		{B6AAFB6B-036E-4DC6-9889-7A537DF26DAA}.Release|Any CPU.ActiveCfg = Release|Any CPU
		{B6AAFB6B-036E-4DC6-9889-7A537DF26DAA}.Release|Any CPU.Build.0 = Release|Any CPU
		{6417144F-134F-4B77-913D-90E2B736494C}.Debug|Any CPU.ActiveCfg = Debug|Any CPU
		{6417144F-134F-4B77-913D-90E2B736494C}.Debug|Any CPU.Build.0 = Debug|Any CPU
		{6417144F-134F-4B77-913D-90E2B736494C}.Release|Any CPU.ActiveCfg = Release|Any CPU
		{6417144F-134F-4B77-913D-90E2B736494C}.Release|Any CPU.Build.0 = Release|Any CPU
	EndGlobalSection
	GlobalSection(SolutionProperties) = preSolution
		HideSolutionNode = FALSE
	EndGlobalSection
EndGlobal
